PODS:
  - DeviceKit (5.0.0)
  - HandyJSON (5.0.2)
  - LookinServer (1.1.7):
    - LookinServer/Core (= 1.1.7)
  - LookinServer/Core (1.1.7)
  - MBProgressHUD (1.2.0)
  - R.swift (7.3.2)
  - SDWebImage (5.16.0):
    - SDWebImage/Core (= 5.16.0)
  - SDWebImage/Core (5.16.0)
  - SnapKit (5.6.0)
  - SwiftyJSON (5.0.1)
  - Tiercel (3.2.5)

DEPENDENCIES:
  - DeviceKit
  - HandyJSON
  - LookinServer
  - MBProgressHUD
  - R.swift
  - SDWebImage
  - SnapKit
  - SwiftyJSON
  - Tiercel

SPEC REPOS:
  trunk:
    - DeviceKit
    - HandyJSON
    - LookinServer
    - MBProgressHUD
    - R.swift
    - SDWebImage
    - SnapKit
    - SwiftyJSON
    - Tiercel

SPEC CHECKSUMS:
  DeviceKit: 0fd016a2cb67aca17c33dc23171cac270131eb88
  HandyJSON: 9e4e236f5d2dbefad5155a77417bbea438201c03
  LookinServer: 4ce0469b066871525611d009d8d16a7a50c23491
  MBProgressHUD: 3ee5efcc380f6a79a7cc9b363dd669c5e1ae7406
  R.swift: 0af0d882f49f03711415cb4e5215daa977d8a480
  SDWebImage: 2aea163b50bfcb569a2726b6a754c54a4506fcf6
  SnapKit: e01d52ebb8ddbc333eefe2132acf85c8227d9c25
  SwiftyJSON: 2f33a42c6fbc52764d96f13368585094bfd8aa5e
  Tiercel: c0a73f876a72800333b15f4e7e48791f4ad21e90

PODFILE CHECKSUM: 34a524ff2365f482d3d131b62653aacdce8e69aa

COCOAPODS: 1.12.1
