PODS:
  - CLPlayer (2.0.4):
    - SnapKit
  - DeviceKit (5.0.0)
  - FilesProvider (0.26.0)
  - FLEX (5.22.10)
  - HandyJSON (5.0.2)
  - IQKeyboardManager (6.5.12)
  - LookinServer (1.1.7):
    - LookinServer/Core (= 1.1.7)
  - LookinServer/Core (1.1.7)
  - MBProgressHUD (1.2.0)
  - Player (0.14.0)
  - R.swift (7.3.2)
  - SDWebImage (5.16.0):
    - SDWebImage/Core (= 5.16.0)
  - SDWebImage/Core (5.16.0)
  - SnapKit (5.6.0)
  - SwiftyJSON (5.0.1)
  - Tiercel (3.2.5)
  - WXNavigationBar (2.3.6)

DEPENDENCIES:
  - CLPlayer
  - DeviceKit
  - FilesProvider
  - FLEX
  - HandyJSON
  - IQKeyboardManager
  - LookinServer
  - MBProgressHUD
  - Player
  - R.swift
  - SDWebImage
  - SnapKit
  - SwiftyJSON
  - Tiercel
  - WXNavigationBar

SPEC REPOS:
  trunk:
    - CLPlayer
    - DeviceKit
    - FilesProvider
    - FLEX
    - HandyJSON
    - IQKeyboardManager
    - LookinServer
    - MBProgressHUD
    - Player
    - R.swift
    - SDWebImage
    - SnapKit
    - SwiftyJSON
    - Tiercel
    - WXNavigationBar

SPEC CHECKSUMS:
  CLPlayer: 7d5b46bb8b933cbe9813125409a0449523213eea
  DeviceKit: 0fd016a2cb67aca17c33dc23171cac270131eb88
  FilesProvider: 2a8ae17d8b9c23a6feadb1308ee638fa31d21065
  FLEX: f21ee4f498eed3f8a1eded66b21939fd3b7a22ce
  HandyJSON: 9e4e236f5d2dbefad5155a77417bbea438201c03
  IQKeyboardManager: b1fd66ccf7a79095bdcc4a2735231586f744216e
  LookinServer: 4ce0469b066871525611d009d8d16a7a50c23491
  MBProgressHUD: 3ee5efcc380f6a79a7cc9b363dd669c5e1ae7406
  Player: 37e0acc16ea1495fc241df88fe9f089367513331
  R.swift: 0af0d882f49f03711415cb4e5215daa977d8a480
  SDWebImage: 2aea163b50bfcb569a2726b6a754c54a4506fcf6
  SnapKit: e01d52ebb8ddbc333eefe2132acf85c8227d9c25
  SwiftyJSON: 2f33a42c6fbc52764d96f13368585094bfd8aa5e
  Tiercel: c0a73f876a72800333b15f4e7e48791f4ad21e90
  WXNavigationBar: aa1ceebac517b0720ba6115ef3e13e246d105b42

PODFILE CHECKSUM: af15547ab5425e0f1ed1a6b9a9afd0ae8c2f6a42

COCOAPODS: 1.12.1
