// !$*UTF8*$!
{
	archiveVersion = 1;
	classes = {
	};
	objectVersion = 56;
	objects = {

/* Begin PBXBuildFile section */
		0E37CA730B85178F4D7B8413 /* Pods_Playgrounds.framework in Frameworks */ = {isa = PBXBuildFile; fileRef = 67882D32CE8FF81E1B1BBA9D /* Pods_Playgrounds.framework */; };
		54570ACB2A370DF6004A8B89 /* AppDelegate.swift in Sources */ = {isa = PBXBuildFile; fileRef = 54570ACA2A370DF6004A8B89 /* AppDelegate.swift */; };
		54570AD42A370DF7004A8B89 /* Assets.xcassets in Resources */ = {isa = PBXBuildFile; fileRef = 54570AD32A370DF7004A8B89 /* Assets.xcassets */; };
		54570ADF2A370E53004A8B89 /* HomeViewController.swift in Sources */ = {isa = PBXBuildFile; fileRef = 54570ADE2A370E53004A8B89 /* HomeViewController.swift */; };
		54570AE12A370EB7004A8B89 /* Launch Screen.storyboard in Resources */ = {isa = PBXBuildFile; fileRef = 54570AE02A370EB7004A8B89 /* Launch Screen.storyboard */; };
		546AAEB92A3AACD000E7C4AB /* VideoPlayerVC.swift in Sources */ = {isa = PBXBuildFile; fileRef = 546AAEB82A3AACD000E7C4AB /* VideoPlayerVC.swift */; };
		546AAEBB2A3ABB6B00E7C4AB /* BaseViewController.swift in Sources */ = {isa = PBXBuildFile; fileRef = 546AAEBA2A3ABB6B00E7C4AB /* BaseViewController.swift */; };
		547D9C092A38580400F3EB51 /* DownloadViewController.swift in Sources */ = {isa = PBXBuildFile; fileRef = 547D9C082A38580400F3EB51 /* DownloadViewController.swift */; };
		547D9C0D2A394F2A00F3EB51 /* DownloadView.swift in Sources */ = {isa = PBXBuildFile; fileRef = 547D9C0C2A394F2A00F3EB51 /* DownloadView.swift */; };
		547D9C0F2A39588500F3EB51 /* Sport.json in Resources */ = {isa = PBXBuildFile; fileRef = 547D9C0E2A39588500F3EB51 /* Sport.json */; };
		547D9C112A39597100F3EB51 /* SportModel.swift in Sources */ = {isa = PBXBuildFile; fileRef = 547D9C102A39597100F3EB51 /* SportModel.swift */; };
		547D9C132A395A3E00F3EB51 /* Data+Extension.swift in Sources */ = {isa = PBXBuildFile; fileRef = 547D9C122A395A3E00F3EB51 /* Data+Extension.swift */; };
		547D9C152A39668000F3EB51 /* DownloadDetailView.swift in Sources */ = {isa = PBXBuildFile; fileRef = 547D9C142A39668000F3EB51 /* DownloadDetailView.swift */; };
		547D9C172A39696A00F3EB51 /* NotificationName+Extension.swift in Sources */ = {isa = PBXBuildFile; fileRef = 547D9C162A39696A00F3EB51 /* NotificationName+Extension.swift */; };
		547D9C192A396C6800F3EB51 /* MainTabbarController.swift in Sources */ = {isa = PBXBuildFile; fileRef = 547D9C182A396C6800F3EB51 /* MainTabbarController.swift */; };
		547D9C1D2A396C9600F3EB51 /* SuperNavigationController.swift in Sources */ = {isa = PBXBuildFile; fileRef = 547D9C1C2A396C9600F3EB51 /* SuperNavigationController.swift */; };
		547E264D2A3712EC00308B79 /* UIImageView+Extension.swift in Sources */ = {isa = PBXBuildFile; fileRef = 547E262B2A3712EC00308B79 /* UIImageView+Extension.swift */; };
		547E264E2A3712EC00308B79 /* UIAlertController+Extension.swift in Sources */ = {isa = PBXBuildFile; fileRef = 547E262C2A3712EC00308B79 /* UIAlertController+Extension.swift */; };
		547E264F2A3712EC00308B79 /* UIFont+Extension.swift in Sources */ = {isa = PBXBuildFile; fileRef = 547E262D2A3712EC00308B79 /* UIFont+Extension.swift */; };
		547E26502A3712EC00308B79 /* UIView+Layer.swift in Sources */ = {isa = PBXBuildFile; fileRef = 547E262E2A3712EC00308B79 /* UIView+Layer.swift */; };
		547E26512A3712EC00308B79 /* UIColor+Extension.swift in Sources */ = {isa = PBXBuildFile; fileRef = 547E262F2A3712EC00308B79 /* UIColor+Extension.swift */; };
		547E26522A3712EC00308B79 /* Int+Extension.swift in Sources */ = {isa = PBXBuildFile; fileRef = 547E26302A3712EC00308B79 /* Int+Extension.swift */; };
		547E26532A3712EC00308B79 /* Date+Extension.swift in Sources */ = {isa = PBXBuildFile; fileRef = 547E26312A3712EC00308B79 /* Date+Extension.swift */; };
		547E26542A3712EC00308B79 /* UILabel+Extension.swift in Sources */ = {isa = PBXBuildFile; fileRef = 547E26322A3712EC00308B79 /* UILabel+Extension.swift */; };
		547E26552A3712EC00308B79 /* UIApplication+Icon.swift in Sources */ = {isa = PBXBuildFile; fileRef = 547E26332A3712EC00308B79 /* UIApplication+Icon.swift */; };
		547E26562A3712EC00308B79 /* UIButton+Extension.swift in Sources */ = {isa = PBXBuildFile; fileRef = 547E26342A3712EC00308B79 /* UIButton+Extension.swift */; };
		547E26572A3712EC00308B79 /* UIView+Gradient.swift in Sources */ = {isa = PBXBuildFile; fileRef = 547E26352A3712EC00308B79 /* UIView+Gradient.swift */; };
		547E26582A3712EC00308B79 /* NSObject+Extension.swift in Sources */ = {isa = PBXBuildFile; fileRef = 547E26362A3712EC00308B79 /* NSObject+Extension.swift */; };
		547E26592A3712EC00308B79 /* UIView+Extension.swift in Sources */ = {isa = PBXBuildFile; fileRef = 547E26372A3712EC00308B79 /* UIView+Extension.swift */; };
		547E265A2A3712EC00308B79 /* UIImage+Extension.swift in Sources */ = {isa = PBXBuildFile; fileRef = 547E26382A3712EC00308B79 /* UIImage+Extension.swift */; };
		547E265B2A3712EC00308B79 /* Decimal+Extension.swift in Sources */ = {isa = PBXBuildFile; fileRef = 547E26392A3712EC00308B79 /* Decimal+Extension.swift */; };
		547E265C2A3712EC00308B79 /* UIImageView+Network.swift in Sources */ = {isa = PBXBuildFile; fileRef = 547E263A2A3712EC00308B79 /* UIImageView+Network.swift */; };
		547E265D2A3712EC00308B79 /* UICollectionViewCell+Shadow.swift in Sources */ = {isa = PBXBuildFile; fileRef = 547E263C2A3712EC00308B79 /* UICollectionViewCell+Shadow.swift */; };
		547E265E2A3712EC00308B79 /* Double+Extension.swift in Sources */ = {isa = PBXBuildFile; fileRef = 547E263D2A3712EC00308B79 /* Double+Extension.swift */; };
		547E265F2A3712EC00308B79 /* UIViewController+Extension.swift in Sources */ = {isa = PBXBuildFile; fileRef = 547E263E2A3712EC00308B79 /* UIViewController+Extension.swift */; };
		547E26602A3712EC00308B79 /* String+Extension.swift in Sources */ = {isa = PBXBuildFile; fileRef = 547E263F2A3712EC00308B79 /* String+Extension.swift */; };
		547E26612A3712EC00308B79 /* TimeInterval+Extension.swift in Sources */ = {isa = PBXBuildFile; fileRef = 547E26402A3712EC00308B79 /* TimeInterval+Extension.swift */; };
		547E26622A3712EC00308B79 /* DesignStyleLayout.swift in Sources */ = {isa = PBXBuildFile; fileRef = 547E26412A3712EC00308B79 /* DesignStyleLayout.swift */; };
		547E26632A3712EC00308B79 /* Bool+Extension.swift in Sources */ = {isa = PBXBuildFile; fileRef = 547E26422A3712EC00308B79 /* Bool+Extension.swift */; };
		547E26642A3712EC00308B79 /* UIView+Border.swift in Sources */ = {isa = PBXBuildFile; fileRef = 547E26432A3712EC00308B79 /* UIView+Border.swift */; };
		547E26652A3712EC00308B79 /* Sequence+Extension.swift in Sources */ = {isa = PBXBuildFile; fileRef = 547E26442A3712EC00308B79 /* Sequence+Extension.swift */; };
		547E26662A3712EC00308B79 /* UICollectionViewFlowLayout+Extension.swift in Sources */ = {isa = PBXBuildFile; fileRef = 547E26452A3712EC00308B79 /* UICollectionViewFlowLayout+Extension.swift */; };
		547E26682A3712EC00308B79 /* Dictionary+Extension.swift in Sources */ = {isa = PBXBuildFile; fileRef = 547E26472A3712EC00308B79 /* Dictionary+Extension.swift */; };
		547E26692A3712EC00308B79 /* String+JSON.swift in Sources */ = {isa = PBXBuildFile; fileRef = 547E26482A3712EC00308B79 /* String+JSON.swift */; };
		547E266A2A3712EC00308B79 /* UIScrollView+Extension.swift in Sources */ = {isa = PBXBuildFile; fileRef = 547E26492A3712EC00308B79 /* UIScrollView+Extension.swift */; };
		547E266C2A3712EC00308B79 /* UITextField+Extension.swift in Sources */ = {isa = PBXBuildFile; fileRef = 547E264B2A3712EC00308B79 /* UITextField+Extension.swift */; };
		547E266D2A3712EC00308B79 /* Array+Extension.swift in Sources */ = {isa = PBXBuildFile; fileRef = 547E264C2A3712EC00308B79 /* Array+Extension.swift */; };
		547E26712A37131400308B79 /* UIImage+Gradient.m in Sources */ = {isa = PBXBuildFile; fileRef = 547E26702A37131400308B79 /* UIImage+Gradient.m */; };
		547E268C2A37142A00308B79 /* LogUtil.swift in Sources */ = {isa = PBXBuildFile; fileRef = 547E26732A37142A00308B79 /* LogUtil.swift */; };
		547E268F2A37142A00308B79 /* FPSView.swift in Sources */ = {isa = PBXBuildFile; fileRef = 547E26762A37142A00308B79 /* FPSView.swift */; };
		547E26902A37142A00308B79 /* DateUtil.swift in Sources */ = {isa = PBXBuildFile; fileRef = 547E26772A37142A00308B79 /* DateUtil.swift */; };
		547E26922A37142A00308B79 /* DeviceHelper.swift in Sources */ = {isa = PBXBuildFile; fileRef = 547E267A2A37142A00308B79 /* DeviceHelper.swift */; };
		547E26932A37142A00308B79 /* UserHelper.swift in Sources */ = {isa = PBXBuildFile; fileRef = 547E267B2A37142A00308B79 /* UserHelper.swift */; };
		547E26942A37142A00308B79 /* CountDownTimer.swift in Sources */ = {isa = PBXBuildFile; fileRef = 547E267D2A37142A00308B79 /* CountDownTimer.swift */; };
		547E26952A37142A00308B79 /* JKTimer.swift in Sources */ = {isa = PBXBuildFile; fileRef = 547E267E2A37142A00308B79 /* JKTimer.swift */; };
		547E26962A37142A00308B79 /* CustomNotify.swift in Sources */ = {isa = PBXBuildFile; fileRef = 547E267F2A37142A00308B79 /* CustomNotify.swift */; };
		547E26972A37142A00308B79 /* RegexString.swift in Sources */ = {isa = PBXBuildFile; fileRef = 547E26802A37142A00308B79 /* RegexString.swift */; };
		547E26982A37142A00308B79 /* CommonUtil.swift in Sources */ = {isa = PBXBuildFile; fileRef = 547E26812A37142A00308B79 /* CommonUtil.swift */; };
		547E26992A37142A00308B79 /* V2FPSLabel.swift in Sources */ = {isa = PBXBuildFile; fileRef = 547E26822A37142A00308B79 /* V2FPSLabel.swift */; };
		547E269A2A37142A00308B79 /* DrawSignatureView.swift in Sources */ = {isa = PBXBuildFile; fileRef = 547E26832A37142A00308B79 /* DrawSignatureView.swift */; };
		547E269B2A37142A00308B79 /* Const.swift in Sources */ = {isa = PBXBuildFile; fileRef = 547E26842A37142A00308B79 /* Const.swift */; };
		547E269C2A37142A00308B79 /* Colors.swift in Sources */ = {isa = PBXBuildFile; fileRef = 547E26852A37142A00308B79 /* Colors.swift */; };
		547E269D2A37142A00308B79 /* SYDebouncer.swift in Sources */ = {isa = PBXBuildFile; fileRef = 547E26872A37142A00308B79 /* SYDebouncer.swift */; };
		547E269E2A37142A00308B79 /* JKDateTool.swift in Sources */ = {isa = PBXBuildFile; fileRef = 547E26882A37142A00308B79 /* JKDateTool.swift */; };
		547E269F2A37142A00308B79 /* ViewStyle.swift in Sources */ = {isa = PBXBuildFile; fileRef = 547E26892A37142A00308B79 /* ViewStyle.swift */; };
		54D33A312A39902A00B447C4 /* DownloadTaskCell.swift in Sources */ = {isa = PBXBuildFile; fileRef = 54D33A2F2A39902A00B447C4 /* DownloadTaskCell.swift */; };
		54D33A322A39902A00B447C4 /* DownloadTaskCell.xib in Resources */ = {isa = PBXBuildFile; fileRef = 54D33A302A39902A00B447C4 /* DownloadTaskCell.xib */; };
		54D33A342A399D9B00B447C4 /* HomeDataEntity.swift in Sources */ = {isa = PBXBuildFile; fileRef = 54D33A332A399D9B00B447C4 /* HomeDataEntity.swift */; };
		54D33A362A39A24600B447C4 /* ChangeAppICONVC.swift in Sources */ = {isa = PBXBuildFile; fileRef = 54D33A352A39A24600B447C4 /* ChangeAppICONVC.swift */; };
		54D33A3D2A39ABB000B447C4 /* ICONModel.swift in Sources */ = {isa = PBXBuildFile; fileRef = 54D33A3C2A39ABB000B447C4 /* ICONModel.swift */; };
		54D33A402A39AD0400B447C4 /* ChangeAppICONCell.swift in Sources */ = {isa = PBXBuildFile; fileRef = 54D33A3F2A39AD0400B447C4 /* ChangeAppICONCell.swift */; };
		54D33A422A39B04C00B447C4 /* R.generated.swift in Sources */ = {isa = PBXBuildFile; fileRef = 54D33A412A39B04C00B447C4 /* R.generated.swift */; };
/* End PBXBuildFile section */

/* Begin PBXFileReference section */
		39FD365F35D3181535514FA4 /* Pods-Playgrounds.debug.xcconfig */ = {isa = PBXFileReference; includeInIndex = 1; lastKnownFileType = text.xcconfig; name = "Pods-Playgrounds.debug.xcconfig"; path = "Target Support Files/Pods-Playgrounds/Pods-Playgrounds.debug.xcconfig"; sourceTree = "<group>"; };
		54570AC72A370DF6004A8B89 /* Playgrounds.app */ = {isa = PBXFileReference; explicitFileType = wrapper.application; includeInIndex = 0; path = Playgrounds.app; sourceTree = BUILT_PRODUCTS_DIR; };
		54570ACA2A370DF6004A8B89 /* AppDelegate.swift */ = {isa = PBXFileReference; lastKnownFileType = sourcecode.swift; path = AppDelegate.swift; sourceTree = "<group>"; };
		54570AD32A370DF7004A8B89 /* Assets.xcassets */ = {isa = PBXFileReference; lastKnownFileType = folder.assetcatalog; path = Assets.xcassets; sourceTree = "<group>"; };
		54570AD82A370DF7004A8B89 /* Info.plist */ = {isa = PBXFileReference; lastKnownFileType = text.plist.xml; path = Info.plist; sourceTree = "<group>"; };
		54570ADE2A370E53004A8B89 /* HomeViewController.swift */ = {isa = PBXFileReference; lastKnownFileType = sourcecode.swift; path = HomeViewController.swift; sourceTree = "<group>"; };
		54570AE02A370EB7004A8B89 /* Launch Screen.storyboard */ = {isa = PBXFileReference; lastKnownFileType = file.storyboard; path = "Launch Screen.storyboard"; sourceTree = "<group>"; };
		546AAEB82A3AACD000E7C4AB /* VideoPlayerVC.swift */ = {isa = PBXFileReference; lastKnownFileType = sourcecode.swift; path = VideoPlayerVC.swift; sourceTree = "<group>"; };
		546AAEBA2A3ABB6B00E7C4AB /* BaseViewController.swift */ = {isa = PBXFileReference; lastKnownFileType = sourcecode.swift; path = BaseViewController.swift; sourceTree = "<group>"; };
		547D9C082A38580400F3EB51 /* DownloadViewController.swift */ = {isa = PBXFileReference; lastKnownFileType = sourcecode.swift; path = DownloadViewController.swift; sourceTree = "<group>"; };
		547D9C0C2A394F2A00F3EB51 /* DownloadView.swift */ = {isa = PBXFileReference; lastKnownFileType = sourcecode.swift; path = DownloadView.swift; sourceTree = "<group>"; };
		547D9C0E2A39588500F3EB51 /* Sport.json */ = {isa = PBXFileReference; fileEncoding = 4; lastKnownFileType = text.json; path = Sport.json; sourceTree = "<group>"; };
		547D9C102A39597100F3EB51 /* SportModel.swift */ = {isa = PBXFileReference; lastKnownFileType = sourcecode.swift; path = SportModel.swift; sourceTree = "<group>"; };
		547D9C122A395A3E00F3EB51 /* Data+Extension.swift */ = {isa = PBXFileReference; lastKnownFileType = sourcecode.swift; path = "Data+Extension.swift"; sourceTree = "<group>"; };
		547D9C142A39668000F3EB51 /* DownloadDetailView.swift */ = {isa = PBXFileReference; lastKnownFileType = sourcecode.swift; path = DownloadDetailView.swift; sourceTree = "<group>"; };
		547D9C162A39696A00F3EB51 /* NotificationName+Extension.swift */ = {isa = PBXFileReference; lastKnownFileType = sourcecode.swift; path = "NotificationName+Extension.swift"; sourceTree = "<group>"; };
		547D9C182A396C6800F3EB51 /* MainTabbarController.swift */ = {isa = PBXFileReference; lastKnownFileType = sourcecode.swift; path = MainTabbarController.swift; sourceTree = "<group>"; };
		547D9C1C2A396C9600F3EB51 /* SuperNavigationController.swift */ = {isa = PBXFileReference; lastKnownFileType = sourcecode.swift; path = SuperNavigationController.swift; sourceTree = "<group>"; };
		547E262B2A3712EC00308B79 /* UIImageView+Extension.swift */ = {isa = PBXFileReference; fileEncoding = 4; lastKnownFileType = sourcecode.swift; path = "UIImageView+Extension.swift"; sourceTree = "<group>"; };
		547E262C2A3712EC00308B79 /* UIAlertController+Extension.swift */ = {isa = PBXFileReference; fileEncoding = 4; lastKnownFileType = sourcecode.swift; path = "UIAlertController+Extension.swift"; sourceTree = "<group>"; };
		547E262D2A3712EC00308B79 /* UIFont+Extension.swift */ = {isa = PBXFileReference; fileEncoding = 4; lastKnownFileType = sourcecode.swift; path = "UIFont+Extension.swift"; sourceTree = "<group>"; };
		547E262E2A3712EC00308B79 /* UIView+Layer.swift */ = {isa = PBXFileReference; fileEncoding = 4; lastKnownFileType = sourcecode.swift; path = "UIView+Layer.swift"; sourceTree = "<group>"; };
		547E262F2A3712EC00308B79 /* UIColor+Extension.swift */ = {isa = PBXFileReference; fileEncoding = 4; lastKnownFileType = sourcecode.swift; path = "UIColor+Extension.swift"; sourceTree = "<group>"; };
		547E26302A3712EC00308B79 /* Int+Extension.swift */ = {isa = PBXFileReference; fileEncoding = 4; lastKnownFileType = sourcecode.swift; path = "Int+Extension.swift"; sourceTree = "<group>"; };
		547E26312A3712EC00308B79 /* Date+Extension.swift */ = {isa = PBXFileReference; fileEncoding = 4; lastKnownFileType = sourcecode.swift; path = "Date+Extension.swift"; sourceTree = "<group>"; };
		547E26322A3712EC00308B79 /* UILabel+Extension.swift */ = {isa = PBXFileReference; fileEncoding = 4; lastKnownFileType = sourcecode.swift; path = "UILabel+Extension.swift"; sourceTree = "<group>"; };
		547E26332A3712EC00308B79 /* UIApplication+Icon.swift */ = {isa = PBXFileReference; fileEncoding = 4; lastKnownFileType = sourcecode.swift; path = "UIApplication+Icon.swift"; sourceTree = "<group>"; };
		547E26342A3712EC00308B79 /* UIButton+Extension.swift */ = {isa = PBXFileReference; fileEncoding = 4; lastKnownFileType = sourcecode.swift; path = "UIButton+Extension.swift"; sourceTree = "<group>"; };
		547E26352A3712EC00308B79 /* UIView+Gradient.swift */ = {isa = PBXFileReference; fileEncoding = 4; lastKnownFileType = sourcecode.swift; path = "UIView+Gradient.swift"; sourceTree = "<group>"; };
		547E26362A3712EC00308B79 /* NSObject+Extension.swift */ = {isa = PBXFileReference; fileEncoding = 4; lastKnownFileType = sourcecode.swift; path = "NSObject+Extension.swift"; sourceTree = "<group>"; };
		547E26372A3712EC00308B79 /* UIView+Extension.swift */ = {isa = PBXFileReference; fileEncoding = 4; lastKnownFileType = sourcecode.swift; path = "UIView+Extension.swift"; sourceTree = "<group>"; };
		547E26382A3712EC00308B79 /* UIImage+Extension.swift */ = {isa = PBXFileReference; fileEncoding = 4; lastKnownFileType = sourcecode.swift; path = "UIImage+Extension.swift"; sourceTree = "<group>"; };
		547E26392A3712EC00308B79 /* Decimal+Extension.swift */ = {isa = PBXFileReference; fileEncoding = 4; lastKnownFileType = sourcecode.swift; path = "Decimal+Extension.swift"; sourceTree = "<group>"; };
		547E263A2A3712EC00308B79 /* UIImageView+Network.swift */ = {isa = PBXFileReference; fileEncoding = 4; lastKnownFileType = sourcecode.swift; path = "UIImageView+Network.swift"; sourceTree = "<group>"; };
		547E263C2A3712EC00308B79 /* UICollectionViewCell+Shadow.swift */ = {isa = PBXFileReference; fileEncoding = 4; lastKnownFileType = sourcecode.swift; path = "UICollectionViewCell+Shadow.swift"; sourceTree = "<group>"; };
		547E263D2A3712EC00308B79 /* Double+Extension.swift */ = {isa = PBXFileReference; fileEncoding = 4; lastKnownFileType = sourcecode.swift; path = "Double+Extension.swift"; sourceTree = "<group>"; };
		547E263E2A3712EC00308B79 /* UIViewController+Extension.swift */ = {isa = PBXFileReference; fileEncoding = 4; lastKnownFileType = sourcecode.swift; path = "UIViewController+Extension.swift"; sourceTree = "<group>"; };
		547E263F2A3712EC00308B79 /* String+Extension.swift */ = {isa = PBXFileReference; fileEncoding = 4; lastKnownFileType = sourcecode.swift; path = "String+Extension.swift"; sourceTree = "<group>"; };
		547E26402A3712EC00308B79 /* TimeInterval+Extension.swift */ = {isa = PBXFileReference; fileEncoding = 4; lastKnownFileType = sourcecode.swift; path = "TimeInterval+Extension.swift"; sourceTree = "<group>"; };
		547E26412A3712EC00308B79 /* DesignStyleLayout.swift */ = {isa = PBXFileReference; fileEncoding = 4; lastKnownFileType = sourcecode.swift; path = DesignStyleLayout.swift; sourceTree = "<group>"; };
		547E26422A3712EC00308B79 /* Bool+Extension.swift */ = {isa = PBXFileReference; fileEncoding = 4; lastKnownFileType = sourcecode.swift; path = "Bool+Extension.swift"; sourceTree = "<group>"; };
		547E26432A3712EC00308B79 /* UIView+Border.swift */ = {isa = PBXFileReference; fileEncoding = 4; lastKnownFileType = sourcecode.swift; path = "UIView+Border.swift"; sourceTree = "<group>"; };
		547E26442A3712EC00308B79 /* Sequence+Extension.swift */ = {isa = PBXFileReference; fileEncoding = 4; lastKnownFileType = sourcecode.swift; path = "Sequence+Extension.swift"; sourceTree = "<group>"; };
		547E26452A3712EC00308B79 /* UICollectionViewFlowLayout+Extension.swift */ = {isa = PBXFileReference; fileEncoding = 4; lastKnownFileType = sourcecode.swift; path = "UICollectionViewFlowLayout+Extension.swift"; sourceTree = "<group>"; };
		547E26472A3712EC00308B79 /* Dictionary+Extension.swift */ = {isa = PBXFileReference; fileEncoding = 4; lastKnownFileType = sourcecode.swift; path = "Dictionary+Extension.swift"; sourceTree = "<group>"; };
		547E26482A3712EC00308B79 /* String+JSON.swift */ = {isa = PBXFileReference; fileEncoding = 4; lastKnownFileType = sourcecode.swift; path = "String+JSON.swift"; sourceTree = "<group>"; };
		547E26492A3712EC00308B79 /* UIScrollView+Extension.swift */ = {isa = PBXFileReference; fileEncoding = 4; lastKnownFileType = sourcecode.swift; path = "UIScrollView+Extension.swift"; sourceTree = "<group>"; };
		547E264B2A3712EC00308B79 /* UITextField+Extension.swift */ = {isa = PBXFileReference; fileEncoding = 4; lastKnownFileType = sourcecode.swift; path = "UITextField+Extension.swift"; sourceTree = "<group>"; };
		547E264C2A3712EC00308B79 /* Array+Extension.swift */ = {isa = PBXFileReference; fileEncoding = 4; lastKnownFileType = sourcecode.swift; path = "Array+Extension.swift"; sourceTree = "<group>"; };
		547E266E2A37131300308B79 /* Playgrounds-Bridging-Header.h */ = {isa = PBXFileReference; lastKnownFileType = sourcecode.c.h; path = "Playgrounds-Bridging-Header.h"; sourceTree = "<group>"; };
		547E266F2A37131400308B79 /* UIImage+Gradient.h */ = {isa = PBXFileReference; fileEncoding = 4; lastKnownFileType = sourcecode.c.h; path = "UIImage+Gradient.h"; sourceTree = "<group>"; };
		547E26702A37131400308B79 /* UIImage+Gradient.m */ = {isa = PBXFileReference; fileEncoding = 4; lastKnownFileType = sourcecode.c.objc; path = "UIImage+Gradient.m"; sourceTree = "<group>"; };
		547E26732A37142A00308B79 /* LogUtil.swift */ = {isa = PBXFileReference; fileEncoding = 4; lastKnownFileType = sourcecode.swift; path = LogUtil.swift; sourceTree = "<group>"; };
		547E26762A37142A00308B79 /* FPSView.swift */ = {isa = PBXFileReference; fileEncoding = 4; lastKnownFileType = sourcecode.swift; path = FPSView.swift; sourceTree = "<group>"; };
		547E26772A37142A00308B79 /* DateUtil.swift */ = {isa = PBXFileReference; fileEncoding = 4; lastKnownFileType = sourcecode.swift; path = DateUtil.swift; sourceTree = "<group>"; };
		547E267A2A37142A00308B79 /* DeviceHelper.swift */ = {isa = PBXFileReference; fileEncoding = 4; lastKnownFileType = sourcecode.swift; path = DeviceHelper.swift; sourceTree = "<group>"; };
		547E267B2A37142A00308B79 /* UserHelper.swift */ = {isa = PBXFileReference; fileEncoding = 4; lastKnownFileType = sourcecode.swift; path = UserHelper.swift; sourceTree = "<group>"; };
		547E267D2A37142A00308B79 /* CountDownTimer.swift */ = {isa = PBXFileReference; fileEncoding = 4; lastKnownFileType = sourcecode.swift; path = CountDownTimer.swift; sourceTree = "<group>"; };
		547E267E2A37142A00308B79 /* JKTimer.swift */ = {isa = PBXFileReference; fileEncoding = 4; lastKnownFileType = sourcecode.swift; path = JKTimer.swift; sourceTree = "<group>"; };
		547E267F2A37142A00308B79 /* CustomNotify.swift */ = {isa = PBXFileReference; fileEncoding = 4; lastKnownFileType = sourcecode.swift; path = CustomNotify.swift; sourceTree = "<group>"; };
		547E26802A37142A00308B79 /* RegexString.swift */ = {isa = PBXFileReference; fileEncoding = 4; lastKnownFileType = sourcecode.swift; path = RegexString.swift; sourceTree = "<group>"; };
		547E26812A37142A00308B79 /* CommonUtil.swift */ = {isa = PBXFileReference; fileEncoding = 4; lastKnownFileType = sourcecode.swift; path = CommonUtil.swift; sourceTree = "<group>"; };
		547E26822A37142A00308B79 /* V2FPSLabel.swift */ = {isa = PBXFileReference; fileEncoding = 4; lastKnownFileType = sourcecode.swift; path = V2FPSLabel.swift; sourceTree = "<group>"; };
		547E26832A37142A00308B79 /* DrawSignatureView.swift */ = {isa = PBXFileReference; fileEncoding = 4; lastKnownFileType = sourcecode.swift; path = DrawSignatureView.swift; sourceTree = "<group>"; };
		547E26842A37142A00308B79 /* Const.swift */ = {isa = PBXFileReference; fileEncoding = 4; lastKnownFileType = sourcecode.swift; path = Const.swift; sourceTree = "<group>"; };
		547E26852A37142A00308B79 /* Colors.swift */ = {isa = PBXFileReference; fileEncoding = 4; lastKnownFileType = sourcecode.swift; path = Colors.swift; sourceTree = "<group>"; };
		547E26872A37142A00308B79 /* SYDebouncer.swift */ = {isa = PBXFileReference; fileEncoding = 4; lastKnownFileType = sourcecode.swift; path = SYDebouncer.swift; sourceTree = "<group>"; };
		547E26882A37142A00308B79 /* JKDateTool.swift */ = {isa = PBXFileReference; fileEncoding = 4; lastKnownFileType = sourcecode.swift; path = JKDateTool.swift; sourceTree = "<group>"; };
		547E26892A37142A00308B79 /* ViewStyle.swift */ = {isa = PBXFileReference; fileEncoding = 4; lastKnownFileType = sourcecode.swift; path = ViewStyle.swift; sourceTree = "<group>"; };
		54D33A2F2A39902A00B447C4 /* DownloadTaskCell.swift */ = {isa = PBXFileReference; fileEncoding = 4; lastKnownFileType = sourcecode.swift; path = DownloadTaskCell.swift; sourceTree = "<group>"; };
		54D33A302A39902A00B447C4 /* DownloadTaskCell.xib */ = {isa = PBXFileReference; fileEncoding = 4; lastKnownFileType = file.xib; path = DownloadTaskCell.xib; sourceTree = "<group>"; };
		54D33A332A399D9B00B447C4 /* HomeDataEntity.swift */ = {isa = PBXFileReference; lastKnownFileType = sourcecode.swift; path = HomeDataEntity.swift; sourceTree = "<group>"; };
		54D33A352A39A24600B447C4 /* ChangeAppICONVC.swift */ = {isa = PBXFileReference; lastKnownFileType = sourcecode.swift; path = ChangeAppICONVC.swift; sourceTree = "<group>"; };
		54D33A3C2A39ABB000B447C4 /* ICONModel.swift */ = {isa = PBXFileReference; lastKnownFileType = sourcecode.swift; path = ICONModel.swift; sourceTree = "<group>"; };
		54D33A3F2A39AD0400B447C4 /* ChangeAppICONCell.swift */ = {isa = PBXFileReference; lastKnownFileType = sourcecode.swift; path = ChangeAppICONCell.swift; sourceTree = "<group>"; };
		54D33A412A39B04C00B447C4 /* R.generated.swift */ = {isa = PBXFileReference; fileEncoding = 4; lastKnownFileType = sourcecode.swift; path = R.generated.swift; sourceTree = "<group>"; };
		67882D32CE8FF81E1B1BBA9D /* Pods_Playgrounds.framework */ = {isa = PBXFileReference; explicitFileType = wrapper.framework; includeInIndex = 0; path = Pods_Playgrounds.framework; sourceTree = BUILT_PRODUCTS_DIR; };
		6B38D62A18081040F09B8424 /* Pods-Playgrounds.release.xcconfig */ = {isa = PBXFileReference; includeInIndex = 1; lastKnownFileType = text.xcconfig; name = "Pods-Playgrounds.release.xcconfig"; path = "Target Support Files/Pods-Playgrounds/Pods-Playgrounds.release.xcconfig"; sourceTree = "<group>"; };
/* End PBXFileReference section */

/* Begin PBXFrameworksBuildPhase section */
		54570AC42A370DF6004A8B89 /* Frameworks */ = {
			isa = PBXFrameworksBuildPhase;
			buildActionMask = 2147483647;
			files = (
				0E37CA730B85178F4D7B8413 /* Pods_Playgrounds.framework in Frameworks */,
			);
			runOnlyForDeploymentPostprocessing = 0;
		};
/* End PBXFrameworksBuildPhase section */

/* Begin PBXGroup section */
		0B008A4820A813A048458C5A /* Frameworks */ = {
			isa = PBXGroup;
			children = (
				67882D32CE8FF81E1B1BBA9D /* Pods_Playgrounds.framework */,
			);
			name = Frameworks;
			sourceTree = "<group>";
		};
		54570ABE2A370DF6004A8B89 = {
			isa = PBXGroup;
			children = (
				54570AC92A370DF6004A8B89 /* Playgrounds */,
				54570AC82A370DF6004A8B89 /* Products */,
				AEFB2B464CEE550C8FF69ECE /* Pods */,
				0B008A4820A813A048458C5A /* Frameworks */,
			);
			sourceTree = "<group>";
		};
		54570AC82A370DF6004A8B89 /* Products */ = {
			isa = PBXGroup;
			children = (
				54570AC72A370DF6004A8B89 /* Playgrounds.app */,
			);
			name = Products;
			sourceTree = "<group>";
		};
		54570AC92A370DF6004A8B89 /* Playgrounds */ = {
			isa = PBXGroup;
			children = (
				54D33A412A39B04C00B447C4 /* R.generated.swift */,
				54570ACA2A370DF6004A8B89 /* AppDelegate.swift */,
				547D9C182A396C6800F3EB51 /* MainTabbarController.swift */,
				54D33A3E2A39AC9300B447C4 /* Resource */,
				547D9C1C2A396C9600F3EB51 /* SuperNavigationController.swift */,
				546AAEBA2A3ABB6B00E7C4AB /* BaseViewController.swift */,
				54570ADE2A370E53004A8B89 /* HomeViewController.swift */,
				54D33A332A399D9B00B447C4 /* HomeDataEntity.swift */,
				547D9C072A3857E500F3EB51 /* Module */,
				547E266E2A37131300308B79 /* Playgrounds-Bridging-Header.h */,
				547E26722A37142A00308B79 /* Tools */,
				547E262A2A3712EC00308B79 /* Extension */,
				54570AE02A370EB7004A8B89 /* Launch Screen.storyboard */,
				54570AD32A370DF7004A8B89 /* Assets.xcassets */,
				54570AD82A370DF7004A8B89 /* Info.plist */,
			);
			path = Playgrounds;
			sourceTree = "<group>";
		};
		547D9C072A3857E500F3EB51 /* Module */ = {
			isa = PBXGroup;
			children = (
				54D33A3F2A39AD0400B447C4 /* ChangeAppICONCell.swift */,
				54D33A352A39A24600B447C4 /* ChangeAppICONVC.swift */,
				547D9C142A39668000F3EB51 /* DownloadDetailView.swift */,
				54D33A2F2A39902A00B447C4 /* DownloadTaskCell.swift */,
				54D33A302A39902A00B447C4 /* DownloadTaskCell.xib */,
				547D9C0C2A394F2A00F3EB51 /* DownloadView.swift */,
				547D9C082A38580400F3EB51 /* DownloadViewController.swift */,
				54D33A3C2A39ABB000B447C4 /* ICONModel.swift */,
				547D9C102A39597100F3EB51 /* SportModel.swift */,
				546AAEB82A3AACD000E7C4AB /* VideoPlayerVC.swift */,
			);
			path = Module;
			sourceTree = "<group>";
		};
		547E262A2A3712EC00308B79 /* Extension */ = {
			isa = PBXGroup;
			children = (
				547E264C2A3712EC00308B79 /* Array+Extension.swift */,
				547E26422A3712EC00308B79 /* Bool+Extension.swift */,
				547D9C122A395A3E00F3EB51 /* Data+Extension.swift */,
				547E26312A3712EC00308B79 /* Date+Extension.swift */,
				547E26392A3712EC00308B79 /* Decimal+Extension.swift */,
				547E26412A3712EC00308B79 /* DesignStyleLayout.swift */,
				547E26472A3712EC00308B79 /* Dictionary+Extension.swift */,
				547E263D2A3712EC00308B79 /* Double+Extension.swift */,
				547E26302A3712EC00308B79 /* Int+Extension.swift */,
				547D9C162A39696A00F3EB51 /* NotificationName+Extension.swift */,
				547E26362A3712EC00308B79 /* NSObject+Extension.swift */,
				547E26442A3712EC00308B79 /* Sequence+Extension.swift */,
				547E263F2A3712EC00308B79 /* String+Extension.swift */,
				547E26482A3712EC00308B79 /* String+JSON.swift */,
				547E26402A3712EC00308B79 /* TimeInterval+Extension.swift */,
				547E262C2A3712EC00308B79 /* UIAlertController+Extension.swift */,
				547E26332A3712EC00308B79 /* UIApplication+Icon.swift */,
				547E26342A3712EC00308B79 /* UIButton+Extension.swift */,
				547E263C2A3712EC00308B79 /* UICollectionViewCell+Shadow.swift */,
				547E26452A3712EC00308B79 /* UICollectionViewFlowLayout+Extension.swift */,
				547E262F2A3712EC00308B79 /* UIColor+Extension.swift */,
				547E262D2A3712EC00308B79 /* UIFont+Extension.swift */,
				547E26382A3712EC00308B79 /* UIImage+Extension.swift */,
				547E266F2A37131400308B79 /* UIImage+Gradient.h */,
				547E26702A37131400308B79 /* UIImage+Gradient.m */,
				547E262B2A3712EC00308B79 /* UIImageView+Extension.swift */,
				547E263A2A3712EC00308B79 /* UIImageView+Network.swift */,
				547E26322A3712EC00308B79 /* UILabel+Extension.swift */,
				547E26492A3712EC00308B79 /* UIScrollView+Extension.swift */,
				547E264B2A3712EC00308B79 /* UITextField+Extension.swift */,
				547E26432A3712EC00308B79 /* UIView+Border.swift */,
				547E26372A3712EC00308B79 /* UIView+Extension.swift */,
				547E26352A3712EC00308B79 /* UIView+Gradient.swift */,
				547E262E2A3712EC00308B79 /* UIView+Layer.swift */,
				547E263E2A3712EC00308B79 /* UIViewController+Extension.swift */,
			);
			path = Extension;
			sourceTree = "<group>";
		};
		547E26722A37142A00308B79 /* Tools */ = {
			isa = PBXGroup;
			children = (
				547E26852A37142A00308B79 /* Colors.swift */,
				547E26812A37142A00308B79 /* CommonUtil.swift */,
				547E26842A37142A00308B79 /* Const.swift */,
				547E267F2A37142A00308B79 /* CustomNotify.swift */,
				547E26772A37142A00308B79 /* DateUtil.swift */,
				547E26862A37142A00308B79 /* Debouncer */,
				547E267A2A37142A00308B79 /* DeviceHelper.swift */,
				547E26832A37142A00308B79 /* DrawSignatureView.swift */,
				547E26762A37142A00308B79 /* FPSView.swift */,
				547E26882A37142A00308B79 /* JKDateTool.swift */,
				547E26732A37142A00308B79 /* LogUtil.swift */,
				547E26802A37142A00308B79 /* RegexString.swift */,
				547E267C2A37142A00308B79 /* Timer */,
				547E267B2A37142A00308B79 /* UserHelper.swift */,
				547E26822A37142A00308B79 /* V2FPSLabel.swift */,
				547E26892A37142A00308B79 /* ViewStyle.swift */,
			);
			path = Tools;
			sourceTree = "<group>";
		};
		547E267C2A37142A00308B79 /* Timer */ = {
			isa = PBXGroup;
			children = (
				547E267D2A37142A00308B79 /* CountDownTimer.swift */,
				547E267E2A37142A00308B79 /* JKTimer.swift */,
			);
			path = Timer;
			sourceTree = "<group>";
		};
		547E26862A37142A00308B79 /* Debouncer */ = {
			isa = PBXGroup;
			children = (
				547E26872A37142A00308B79 /* SYDebouncer.swift */,
			);
			path = Debouncer;
			sourceTree = "<group>";
		};
		54D33A3E2A39AC9300B447C4 /* Resource */ = {
			isa = PBXGroup;
			children = (
				547D9C0E2A39588500F3EB51 /* Sport.json */,
			);
			path = Resource;
			sourceTree = "<group>";
		};
		AEFB2B464CEE550C8FF69ECE /* Pods */ = {
			isa = PBXGroup;
			children = (
				39FD365F35D3181535514FA4 /* Pods-Playgrounds.debug.xcconfig */,
				6B38D62A18081040F09B8424 /* Pods-Playgrounds.release.xcconfig */,
			);
			path = Pods;
			sourceTree = "<group>";
		};
/* End PBXGroup section */

/* Begin PBXNativeTarget section */
		54570AC62A370DF6004A8B89 /* Playgrounds */ = {
			isa = PBXNativeTarget;
			buildConfigurationList = 54570ADB2A370DF7004A8B89 /* Build configuration list for PBXNativeTarget "Playgrounds" */;
			buildPhases = (
				7E3207C850F0047F8B1CA5A2 /* [CP] Check Pods Manifest.lock */,
				54D33A372A39AB1200B447C4 /* R.Swift */,
				54570AC32A370DF6004A8B89 /* Sources */,
				54570AC42A370DF6004A8B89 /* Frameworks */,
				54570AC52A370DF6004A8B89 /* Resources */,
				89EDF4FF07158FBCC74DAA0C /* [CP] Embed Pods Frameworks */,
			);
			buildRules = (
			);
			dependencies = (
			);
			name = Playgrounds;
			productName = Playgrounds;
			productReference = 54570AC72A370DF6004A8B89 /* Playgrounds.app */;
			productType = "com.apple.product-type.application";
		};
/* End PBXNativeTarget section */

/* Begin PBXProject section */
		54570ABF2A370DF6004A8B89 /* Project object */ = {
			isa = PBXProject;
			attributes = {
				BuildIndependentTargetsInParallel = 1;
				LastSwiftUpdateCheck = 1430;
				LastUpgradeCheck = 1430;
				TargetAttributes = {
					54570AC62A370DF6004A8B89 = {
						CreatedOnToolsVersion = 14.3.1;
						LastSwiftMigration = 1430;
					};
				};
			};
			buildConfigurationList = 54570AC22A370DF6004A8B89 /* Build configuration list for PBXProject "Playgrounds" */;
			compatibilityVersion = "Xcode 14.0";
			developmentRegion = en;
			hasScannedForEncodings = 0;
			knownRegions = (
				en,
				Base,
			);
			mainGroup = 54570ABE2A370DF6004A8B89;
			productRefGroup = 54570AC82A370DF6004A8B89 /* Products */;
			projectDirPath = "";
			projectRoot = "";
			targets = (
				54570AC62A370DF6004A8B89 /* Playgrounds */,
			);
		};
/* End PBXProject section */

/* Begin PBXResourcesBuildPhase section */
		54570AC52A370DF6004A8B89 /* Resources */ = {
			isa = PBXResourcesBuildPhase;
			buildActionMask = 2147483647;
			files = (
				54D33A322A39902A00B447C4 /* DownloadTaskCell.xib in Resources */,
				547D9C0F2A39588500F3EB51 /* Sport.json in Resources */,
				54570AE12A370EB7004A8B89 /* Launch Screen.storyboard in Resources */,
				54570AD42A370DF7004A8B89 /* Assets.xcassets in Resources */,
			);
			runOnlyForDeploymentPostprocessing = 0;
		};
/* End PBXResourcesBuildPhase section */

/* Begin PBXShellScriptBuildPhase section */
		54D33A372A39AB1200B447C4 /* R.Swift */ = {
			isa = PBXShellScriptBuildPhase;
			buildActionMask = 2147483647;
			files = (
			);
			inputFileListPaths = (
			);
			inputPaths = (
			);
			name = R.Swift;
			outputFileListPaths = (
			);
			outputPaths = (
			);
			runOnlyForDeploymentPostprocessing = 0;
			shellPath = /bin/sh;
			shellScript = "# Type a script or drag a script file from your workspace to insert its path.\n\"$PODS_ROOT/R.swift/rswift\" generate --generators image,file \"$SRCROOT/Playgrounds/R.generated.swift\"\n";
		};
		7E3207C850F0047F8B1CA5A2 /* [CP] Check Pods Manifest.lock */ = {
			isa = PBXShellScriptBuildPhase;
			buildActionMask = 2147483647;
			files = (
			);
			inputFileListPaths = (
			);
			inputPaths = (
				"${PODS_PODFILE_DIR_PATH}/Podfile.lock",
				"${PODS_ROOT}/Manifest.lock",
			);
			name = "[CP] Check Pods Manifest.lock";
			outputFileListPaths = (
			);
			outputPaths = (
				"$(DERIVED_FILE_DIR)/Pods-Playgrounds-checkManifestLockResult.txt",
			);
			runOnlyForDeploymentPostprocessing = 0;
			shellPath = /bin/sh;
			shellScript = "diff \"${PODS_PODFILE_DIR_PATH}/Podfile.lock\" \"${PODS_ROOT}/Manifest.lock\" > /dev/null\nif [ $? != 0 ] ; then\n    # print error to STDERR\n    echo \"error: The sandbox is not in sync with the Podfile.lock. Run 'pod install' or update your CocoaPods installation.\" >&2\n    exit 1\nfi\n# This output is used by Xcode 'outputs' to avoid re-running this script phase.\necho \"SUCCESS\" > \"${SCRIPT_OUTPUT_FILE_0}\"\n";
			showEnvVarsInLog = 0;
		};
		89EDF4FF07158FBCC74DAA0C /* [CP] Embed Pods Frameworks */ = {
			isa = PBXShellScriptBuildPhase;
			buildActionMask = 2147483647;
			files = (
			);
			inputFileListPaths = (
				"${PODS_ROOT}/Target Support Files/Pods-Playgrounds/Pods-Playgrounds-frameworks-${CONFIGURATION}-input-files.xcfilelist",
			);
			name = "[CP] Embed Pods Frameworks";
			outputFileListPaths = (
				"${PODS_ROOT}/Target Support Files/Pods-Playgrounds/Pods-Playgrounds-frameworks-${CONFIGURATION}-output-files.xcfilelist",
			);
			runOnlyForDeploymentPostprocessing = 0;
			shellPath = /bin/sh;
			shellScript = "\"${PODS_ROOT}/Target Support Files/Pods-Playgrounds/Pods-Playgrounds-frameworks.sh\"\n";
			showEnvVarsInLog = 0;
		};
/* End PBXShellScriptBuildPhase section */

/* Begin PBXSourcesBuildPhase section */
		54570AC32A370DF6004A8B89 /* Sources */ = {
			isa = PBXSourcesBuildPhase;
			buildActionMask = 2147483647;
			files = (
				547E269F2A37142A00308B79 /* ViewStyle.swift in Sources */,
				547D9C132A395A3E00F3EB51 /* Data+Extension.swift in Sources */,
				547E26512A3712EC00308B79 /* UIColor+Extension.swift in Sources */,
				54D33A362A39A24600B447C4 /* ChangeAppICONVC.swift in Sources */,
				547E26522A3712EC00308B79 /* Int+Extension.swift in Sources */,
				547E26932A37142A00308B79 /* UserHelper.swift in Sources */,
				547E26642A3712EC00308B79 /* UIView+Border.swift in Sources */,
				547E26542A3712EC00308B79 /* UILabel+Extension.swift in Sources */,
				547E26592A3712EC00308B79 /* UIView+Extension.swift in Sources */,
				547D9C112A39597100F3EB51 /* SportModel.swift in Sources */,
				547E264D2A3712EC00308B79 /* UIImageView+Extension.swift in Sources */,
				547E269A2A37142A00308B79 /* DrawSignatureView.swift in Sources */,
				54570ACB2A370DF6004A8B89 /* AppDelegate.swift in Sources */,
				547E266A2A3712EC00308B79 /* UIScrollView+Extension.swift in Sources */,
				547E269E2A37142A00308B79 /* JKDateTool.swift in Sources */,
				547E26692A3712EC00308B79 /* String+JSON.swift in Sources */,
				547E26562A3712EC00308B79 /* UIButton+Extension.swift in Sources */,
				547E26942A37142A00308B79 /* CountDownTimer.swift in Sources */,
				547E265B2A3712EC00308B79 /* Decimal+Extension.swift in Sources */,
				54D33A402A39AD0400B447C4 /* ChangeAppICONCell.swift in Sources */,
				547D9C192A396C6800F3EB51 /* MainTabbarController.swift in Sources */,
				547E26952A37142A00308B79 /* JKTimer.swift in Sources */,
				546AAEB92A3AACD000E7C4AB /* VideoPlayerVC.swift in Sources */,
				547E266D2A3712EC00308B79 /* Array+Extension.swift in Sources */,
				547E265E2A3712EC00308B79 /* Double+Extension.swift in Sources */,
				547E26612A3712EC00308B79 /* TimeInterval+Extension.swift in Sources */,
				547E269B2A37142A00308B79 /* Const.swift in Sources */,
				547E26572A3712EC00308B79 /* UIView+Gradient.swift in Sources */,
				547E26662A3712EC00308B79 /* UICollectionViewFlowLayout+Extension.swift in Sources */,
				547E26622A3712EC00308B79 /* DesignStyleLayout.swift in Sources */,
				54D33A3D2A39ABB000B447C4 /* ICONModel.swift in Sources */,
				547E268C2A37142A00308B79 /* LogUtil.swift in Sources */,
				547D9C152A39668000F3EB51 /* DownloadDetailView.swift in Sources */,
				547E264E2A3712EC00308B79 /* UIAlertController+Extension.swift in Sources */,
				547D9C1D2A396C9600F3EB51 /* SuperNavigationController.swift in Sources */,
				547E26982A37142A00308B79 /* CommonUtil.swift in Sources */,
				547E264F2A3712EC00308B79 /* UIFont+Extension.swift in Sources */,
				547E26602A3712EC00308B79 /* String+Extension.swift in Sources */,
				547E26502A3712EC00308B79 /* UIView+Layer.swift in Sources */,
				547E269D2A37142A00308B79 /* SYDebouncer.swift in Sources */,
				546AAEBB2A3ABB6B00E7C4AB /* BaseViewController.swift in Sources */,
				547E268F2A37142A00308B79 /* FPSView.swift in Sources */,
				547E26632A3712EC00308B79 /* Bool+Extension.swift in Sources */,
				547E265D2A3712EC00308B79 /* UICollectionViewCell+Shadow.swift in Sources */,
				547E265A2A3712EC00308B79 /* UIImage+Extension.swift in Sources */,
				547E26972A37142A00308B79 /* RegexString.swift in Sources */,
				547D9C0D2A394F2A00F3EB51 /* DownloadView.swift in Sources */,
				547E26922A37142A00308B79 /* DeviceHelper.swift in Sources */,
				547E269C2A37142A00308B79 /* Colors.swift in Sources */,
				54570ADF2A370E53004A8B89 /* HomeViewController.swift in Sources */,
				547E26552A3712EC00308B79 /* UIApplication+Icon.swift in Sources */,
				54D33A342A399D9B00B447C4 /* HomeDataEntity.swift in Sources */,
				547E26532A3712EC00308B79 /* Date+Extension.swift in Sources */,
				54D33A312A39902A00B447C4 /* DownloadTaskCell.swift in Sources */,
				54D33A422A39B04C00B447C4 /* R.generated.swift in Sources */,
				547E265F2A3712EC00308B79 /* UIViewController+Extension.swift in Sources */,
				547D9C172A39696A00F3EB51 /* NotificationName+Extension.swift in Sources */,
				547E26582A3712EC00308B79 /* NSObject+Extension.swift in Sources */,
				547E26652A3712EC00308B79 /* Sequence+Extension.swift in Sources */,
				547E265C2A3712EC00308B79 /* UIImageView+Network.swift in Sources */,
				547E26682A3712EC00308B79 /* Dictionary+Extension.swift in Sources */,
				547D9C092A38580400F3EB51 /* DownloadViewController.swift in Sources */,
				547E26962A37142A00308B79 /* CustomNotify.swift in Sources */,
				547E26992A37142A00308B79 /* V2FPSLabel.swift in Sources */,
				547E26902A37142A00308B79 /* DateUtil.swift in Sources */,
				547E26712A37131400308B79 /* UIImage+Gradient.m in Sources */,
				547E266C2A3712EC00308B79 /* UITextField+Extension.swift in Sources */,
			);
			runOnlyForDeploymentPostprocessing = 0;
		};
/* End PBXSourcesBuildPhase section */

/* Begin XCBuildConfiguration section */
		54570AD92A370DF7004A8B89 /* Debug */ = {
			isa = XCBuildConfiguration;
			buildSettings = {
				ALWAYS_SEARCH_USER_PATHS = NO;
				CLANG_ANALYZER_NONNULL = YES;
				CLANG_ANALYZER_NUMBER_OBJECT_CONVERSION = YES_AGGRESSIVE;
				CLANG_CXX_LANGUAGE_STANDARD = "gnu++20";
				CLANG_ENABLE_MODULES = YES;
				CLANG_ENABLE_OBJC_ARC = YES;
				CLANG_ENABLE_OBJC_WEAK = YES;
				CLANG_WARN_BLOCK_CAPTURE_AUTORELEASING = YES;
				CLANG_WARN_BOOL_CONVERSION = YES;
				CLANG_WARN_COMMA = YES;
				CLANG_WARN_CONSTANT_CONVERSION = YES;
				CLANG_WARN_DEPRECATED_OBJC_IMPLEMENTATIONS = YES;
				CLANG_WARN_DIRECT_OBJC_ISA_USAGE = YES_ERROR;
				CLANG_WARN_DOCUMENTATION_COMMENTS = YES;
				CLANG_WARN_EMPTY_BODY = YES;
				CLANG_WARN_ENUM_CONVERSION = YES;
				CLANG_WARN_INFINITE_RECURSION = YES;
				CLANG_WARN_INT_CONVERSION = YES;
				CLANG_WARN_NON_LITERAL_NULL_CONVERSION = YES;
				CLANG_WARN_OBJC_IMPLICIT_RETAIN_SELF = YES;
				CLANG_WARN_OBJC_LITERAL_CONVERSION = YES;
				CLANG_WARN_OBJC_ROOT_CLASS = YES_ERROR;
				CLANG_WARN_QUOTED_INCLUDE_IN_FRAMEWORK_HEADER = YES;
				CLANG_WARN_RANGE_LOOP_ANALYSIS = YES;
				CLANG_WARN_STRICT_PROTOTYPES = YES;
				CLANG_WARN_SUSPICIOUS_MOVE = YES;
				CLANG_WARN_UNGUARDED_AVAILABILITY = YES_AGGRESSIVE;
				CLANG_WARN_UNREACHABLE_CODE = YES;
				CLANG_WARN__DUPLICATE_METHOD_MATCH = YES;
				COPY_PHASE_STRIP = NO;
				DEBUG_INFORMATION_FORMAT = dwarf;
				ENABLE_STRICT_OBJC_MSGSEND = YES;
				ENABLE_TESTABILITY = YES;
				GCC_C_LANGUAGE_STANDARD = gnu11;
				GCC_DYNAMIC_NO_PIC = NO;
				GCC_NO_COMMON_BLOCKS = YES;
				GCC_OPTIMIZATION_LEVEL = 0;
				GCC_PREPROCESSOR_DEFINITIONS = (
					"DEBUG=1",
					"$(inherited)",
				);
				GCC_WARN_64_TO_32_BIT_CONVERSION = YES;
				GCC_WARN_ABOUT_RETURN_TYPE = YES_ERROR;
				GCC_WARN_UNDECLARED_SELECTOR = YES;
				GCC_WARN_UNINITIALIZED_AUTOS = YES_AGGRESSIVE;
				GCC_WARN_UNUSED_FUNCTION = YES;
				GCC_WARN_UNUSED_VARIABLE = YES;
				IPHONEOS_DEPLOYMENT_TARGET = 16.4;
				MTL_ENABLE_DEBUG_INFO = INCLUDE_SOURCE;
				MTL_FAST_MATH = YES;
				ONLY_ACTIVE_ARCH = YES;
				SDKROOT = iphoneos;
				SWIFT_ACTIVE_COMPILATION_CONDITIONS = DEBUG;
				SWIFT_OPTIMIZATION_LEVEL = "-Onone";
			};
			name = Debug;
		};
		54570ADA2A370DF7004A8B89 /* Release */ = {
			isa = XCBuildConfiguration;
			buildSettings = {
				ALWAYS_SEARCH_USER_PATHS = NO;
				CLANG_ANALYZER_NONNULL = YES;
				CLANG_ANALYZER_NUMBER_OBJECT_CONVERSION = YES_AGGRESSIVE;
				CLANG_CXX_LANGUAGE_STANDARD = "gnu++20";
				CLANG_ENABLE_MODULES = YES;
				CLANG_ENABLE_OBJC_ARC = YES;
				CLANG_ENABLE_OBJC_WEAK = YES;
				CLANG_WARN_BLOCK_CAPTURE_AUTORELEASING = YES;
				CLANG_WARN_BOOL_CONVERSION = YES;
				CLANG_WARN_COMMA = YES;
				CLANG_WARN_CONSTANT_CONVERSION = YES;
				CLANG_WARN_DEPRECATED_OBJC_IMPLEMENTATIONS = YES;
				CLANG_WARN_DIRECT_OBJC_ISA_USAGE = YES_ERROR;
				CLANG_WARN_DOCUMENTATION_COMMENTS = YES;
				CLANG_WARN_EMPTY_BODY = YES;
				CLANG_WARN_ENUM_CONVERSION = YES;
				CLANG_WARN_INFINITE_RECURSION = YES;
				CLANG_WARN_INT_CONVERSION = YES;
				CLANG_WARN_NON_LITERAL_NULL_CONVERSION = YES;
				CLANG_WARN_OBJC_IMPLICIT_RETAIN_SELF = YES;
				CLANG_WARN_OBJC_LITERAL_CONVERSION = YES;
				CLANG_WARN_OBJC_ROOT_CLASS = YES_ERROR;
				CLANG_WARN_QUOTED_INCLUDE_IN_FRAMEWORK_HEADER = YES;
				CLANG_WARN_RANGE_LOOP_ANALYSIS = YES;
				CLANG_WARN_STRICT_PROTOTYPES = YES;
				CLANG_WARN_SUSPICIOUS_MOVE = YES;
				CLANG_WARN_UNGUARDED_AVAILABILITY = YES_AGGRESSIVE;
				CLANG_WARN_UNREACHABLE_CODE = YES;
				CLANG_WARN__DUPLICATE_METHOD_MATCH = YES;
				COPY_PHASE_STRIP = NO;
				DEBUG_INFORMATION_FORMAT = "dwarf-with-dsym";
				ENABLE_NS_ASSERTIONS = NO;
				ENABLE_STRICT_OBJC_MSGSEND = YES;
				GCC_C_LANGUAGE_STANDARD = gnu11;
				GCC_NO_COMMON_BLOCKS = YES;
				GCC_WARN_64_TO_32_BIT_CONVERSION = YES;
				GCC_WARN_ABOUT_RETURN_TYPE = YES_ERROR;
				GCC_WARN_UNDECLARED_SELECTOR = YES;
				GCC_WARN_UNINITIALIZED_AUTOS = YES_AGGRESSIVE;
				GCC_WARN_UNUSED_FUNCTION = YES;
				GCC_WARN_UNUSED_VARIABLE = YES;
				IPHONEOS_DEPLOYMENT_TARGET = 16.4;
				MTL_ENABLE_DEBUG_INFO = NO;
				MTL_FAST_MATH = YES;
				SDKROOT = iphoneos;
				SWIFT_COMPILATION_MODE = wholemodule;
				SWIFT_OPTIMIZATION_LEVEL = "-O";
				VALIDATE_PRODUCT = YES;
			};
			name = Release;
		};
		54570ADC2A370DF7004A8B89 /* Debug */ = {
			isa = XCBuildConfiguration;
			baseConfigurationReference = 39FD365F35D3181535514FA4 /* Pods-Playgrounds.debug.xcconfig */;
			buildSettings = {
				ASSETCATALOG_COMPILER_ALTERNATE_APPICON_NAMES = "野原新之助 风间彻 樱田妮妮 佐藤正男 阿呆";
				ASSETCATALOG_COMPILER_APPICON_NAME = AppIcon;
				ASSETCATALOG_COMPILER_GLOBAL_ACCENT_COLOR_NAME = AccentColor;
				CLANG_ENABLE_MODULES = YES;
				CODE_SIGN_STYLE = Automatic;
				CURRENT_PROJECT_VERSION = 1;
				DEVELOPMENT_TEAM = 4DK6QLK2RE;
				GENERATE_INFOPLIST_FILE = YES;
				INFOPLIST_FILE = Playgrounds/Info.plist;
				INFOPLIST_KEY_UIApplicationSupportsIndirectInputEvents = YES;
				INFOPLIST_KEY_UILaunchStoryboardName = "Launch Screen.storyboard";
				INFOPLIST_KEY_UISupportedInterfaceOrientations_iPad = "UIInterfaceOrientationPortrait UIInterfaceOrientationPortraitUpsideDown UIInterfaceOrientationLandscapeLeft UIInterfaceOrientationLandscapeRight";
				INFOPLIST_KEY_UISupportedInterfaceOrientations_iPhone = "UIInterfaceOrientationPortrait UIInterfaceOrientationLandscapeLeft UIInterfaceOrientationLandscapeRight";
				LD_RUNPATH_SEARCH_PATHS = (
					"$(inherited)",
					"@executable_path/Frameworks",
				);
				MARKETING_VERSION = 1.0;
				PRODUCT_BUNDLE_IDENTIFIER = com.lijingke.Playgrounds;
				PRODUCT_NAME = "$(TARGET_NAME)";
				SUPPORTED_PLATFORMS = "iphoneos iphonesimulator";
				SUPPORTS_MACCATALYST = NO;
				SUPPORTS_MAC_DESIGNED_FOR_IPHONE_IPAD = YES;
				SWIFT_EMIT_LOC_STRINGS = YES;
				SWIFT_OBJC_BRIDGING_HEADER = "Playgrounds/Playgrounds-Bridging-Header.h";
				SWIFT_OPTIMIZATION_LEVEL = "-Onone";
				SWIFT_VERSION = 5.0;
				TARGETED_DEVICE_FAMILY = 1;
			};
			name = Debug;
		};
		54570ADD2A370DF7004A8B89 /* Release */ = {
			isa = XCBuildConfiguration;
			baseConfigurationReference = 6B38D62A18081040F09B8424 /* Pods-Playgrounds.release.xcconfig */;
			buildSettings = {
				ASSETCATALOG_COMPILER_ALTERNATE_APPICON_NAMES = "野原新之助 风间彻 樱田妮妮 佐藤正男 阿呆";
				ASSETCATALOG_COMPILER_APPICON_NAME = AppIcon;
				ASSETCATALOG_COMPILER_GLOBAL_ACCENT_COLOR_NAME = AccentColor;
				CLANG_ENABLE_MODULES = YES;
				CODE_SIGN_STYLE = Automatic;
				CURRENT_PROJECT_VERSION = 1;
				DEVELOPMENT_TEAM = 4DK6QLK2RE;
				GENERATE_INFOPLIST_FILE = YES;
				INFOPLIST_FILE = Playgrounds/Info.plist;
				INFOPLIST_KEY_UIApplicationSupportsIndirectInputEvents = YES;
				INFOPLIST_KEY_UILaunchStoryboardName = "Launch Screen.storyboard";
				INFOPLIST_KEY_UISupportedInterfaceOrientations_iPad = "UIInterfaceOrientationPortrait UIInterfaceOrientationPortraitUpsideDown UIInterfaceOrientationLandscapeLeft UIInterfaceOrientationLandscapeRight";
				INFOPLIST_KEY_UISupportedInterfaceOrientations_iPhone = "UIInterfaceOrientationPortrait UIInterfaceOrientationLandscapeLeft UIInterfaceOrientationLandscapeRight";
				LD_RUNPATH_SEARCH_PATHS = (
					"$(inherited)",
					"@executable_path/Frameworks",
				);
				MARKETING_VERSION = 1.0;
				PRODUCT_BUNDLE_IDENTIFIER = com.lijingke.Playgrounds;
				PRODUCT_NAME = "$(TARGET_NAME)";
				SUPPORTED_PLATFORMS = "iphoneos iphonesimulator";
				SUPPORTS_MACCATALYST = NO;
				SUPPORTS_MAC_DESIGNED_FOR_IPHONE_IPAD = YES;
				SWIFT_EMIT_LOC_STRINGS = YES;
				SWIFT_OBJC_BRIDGING_HEADER = "Playgrounds/Playgrounds-Bridging-Header.h";
				SWIFT_VERSION = 5.0;
				TARGETED_DEVICE_FAMILY = 1;
			};
			name = Release;
		};
/* End XCBuildConfiguration section */

/* Begin XCConfigurationList section */
		54570AC22A370DF6004A8B89 /* Build configuration list for PBXProject "Playgrounds" */ = {
			isa = XCConfigurationList;
			buildConfigurations = (
				54570AD92A370DF7004A8B89 /* Debug */,
				54570ADA2A370DF7004A8B89 /* Release */,
			);
			defaultConfigurationIsVisible = 0;
			defaultConfigurationName = Release;
		};
		54570ADB2A370DF7004A8B89 /* Build configuration list for PBXNativeTarget "Playgrounds" */ = {
			isa = XCConfigurationList;
			buildConfigurations = (
				54570ADC2A370DF7004A8B89 /* Debug */,
				54570ADD2A370DF7004A8B89 /* Release */,
			);
			defaultConfigurationIsVisible = 0;
			defaultConfigurationName = Release;
		};
/* End XCConfigurationList section */
	};
	rootObject = 54570ABF2A370DF6004A8B89 /* Project object */;
}
